
Microsoft Visual Studio Solution File, Format Version 12.00
# Visual Studio Version 17
VisualStudioVersion = 17.9.34723.18
MinimumVisualStudioVersion = 10.0.40219.1
Project("{FAE04EC0-301F-11D3-BF4B-00C04F79EFBC}") = "AS4", "AS4\AS4.csproj", "{37D6B9EB-251E-4CEC-9BAB-96DA19392E8C}"
EndProject
Global
	GlobalSection(SolutionConfigurationPlatforms) = preSolution
		Debug|Any CPU = Debug|Any CPU
		Release|Any CPU = Release|Any CPU
	EndGlobalSection
	GlobalSection(ProjectConfigurationPlatforms) = postSolution
		{37D6B9EB-251E-4CEC-9BAB-96DA19392E8C}.Debug|Any CPU.ActiveCfg = Debug|Any CPU
		{37D6B9EB-251E-4CEC-9BAB-96DA19392E8C}.Debug|Any CPU.Build.0 = Debug|Any CPU
		{37D6B9EB-251E-4CEC-9BAB-96DA19392E8C}.Release|Any CPU.ActiveCfg = Release|Any CPU
		{37D6B9EB-251E-4CEC-9BAB-96DA19392E8C}.Release|Any CPU.Build.0 = Release|Any CPU
	EndGlobalSection
	GlobalSection(SolutionProperties) = preSolution
		HideSolutionNode = FALSE
	EndGlobalSection
	GlobalSection(ExtensibilityGlobals) = postSolution
		SolutionGuid = {888D8DB4-FDD1-4991-8C92-4CCBBF0C6EAE}
	EndGlobalSection
EndGlobal
